<Solution>
  <Folder Name="/benchmarks/">
    <Project Path="benchmarks/Mos6502.Benchmarks/Mos6502.Benchmarks.csproj" />
    <Project Path="benchmarks/Z80.Benchmarks/Z80.Benchmarks.csproj" />
  </Folder>
  <Folder Name="/samples/">
    <Project Path="samples/Mos6502.Demo/Mos6502.Demo.csproj" />
  </Folder>
  <Folder Name="/src/">
    <Project Path="src/Cpu.Core/Cpu.Core.csproj" />
    <Project Path="src/Cpu.Module.Abstractions/Cpu.Module.Abstractions.csproj" />
    <Project Path="src/Cpu.Tui.Abstractions/Cpu.Tui.Abstractions.csproj" />
    <Project Path="src/Cpu.Tui.Media/Cpu.Tui.Media.csproj" />
    <Project Path="src/Cpu.Tui/Cpu.Tui.csproj" />
    <Project Path="src/Mos6502/Mos6502.csproj" />
    <Project Path="src/Z80/Z80.csproj" />
    <Project Path="src/Cpu.Board/Cpu.Board.csproj" />
    <Project Path="src/Cpu.Chips/Cpu.Chips.csproj" />
    <Project Path="src/Cpu.Apple1/Cpu.Apple1.csproj" />
    <Project Path="src/Cpu.Pet/Cpu.Pet.csproj" />
    <Project Path="src/Cpu.Vic20/Cpu.Vic20.csproj" />
    <Project Path="src/Cpu.Help/Cpu.Help.csproj" />
    <Project Path="src/Cpu.Screen/Cpu.Screen.csproj" />
    <Project Path="src/Cpu.Image/Cpu.Image.csproj" />
    <Project Path="src/Cpu.C16/Cpu.C16.csproj" />
    <Project Path="src/Cpu.Canvas/Cpu.Canvas.csproj" />
    <Project Path="src/Cpu.Setup/Cpu.Setup.csproj" />
  </Folder>
  <Folder Name="/tests/">
    <Project Path="tests/Cpu.Tui.Tests/Cpu.Tui.Tests.csproj" />
    <Project Path="tests/Mos6502.Tests/Mos6502.Tests.csproj" />
    <Project Path="tests/Z80.Tests/Z80.Tests.csproj" />
    <Project Path="tests/Cpu.Apple1.Tests/Cpu.Apple1.Tests.csproj" />
    <Project Path="tests/Cpu.Pet.Tests/Cpu.Pet.Tests.csproj" />
    <Project Path="tests/Cpu.Vic20.Tests/Cpu.Vic20.Tests.csproj" />
    <Project Path="tests/Cpu.C16.Tests/Cpu.C16.Tests.csproj" />
    <Project Path="tests/Cpu.Chips.Tests/Cpu.Chips.Tests.csproj" />
  </Folder>
</Solution>
